// !$*UTF8*$!
{
	archiveVersion = 1;
	classes = {
	};
	objectVersion = 54;
	objects = {

/* Begin PBXBuildFile section */
		1498D2341E8E89220040F4C2 /* GeneratedPluginRegistrant.m in Sources */ = {isa = PBXBuildFile; fileRef = 1498D2331E8E89220040F4C2 /* GeneratedPluginRegistrant.m */; };
		3B3967161E833CAA004F5970 /* AppFrameworkInfo.plist in Resources */ = {isa = PBXBuildFile; fileRef = 3B3967151E833CAA004F5970 /* AppFrameworkInfo.plist */; };
		8496E9E2DDE8B6A639794E2A /* Pods_Runner.framework in Frameworks */ = {isa = PBXBuildFile; fileRef = 3648CC4FBEC525BED702D4EE /* Pods_Runner.framework */; };
		97C146FE1CF9000F007C117D /* Assets.xcassets in Resources */ = {isa = PBXBuildFile; fileRef = 97C146FD1CF9000F007C117D /* Assets.xcassets */; };
		97C147011CF9000F007C117D /* LaunchScreen.storyboard in Resources */ = {isa = PBXBuildFile; fileRef = 97C146FF1CF9000F007C117D /* LaunchScreen.storyboard */; };
		AA384E0E2D7FD12800E8B665 /* 自由之歌.mp3 in Resources */ = {isa = PBXBuildFile; fileRef = AA384E0A2D7FD12800E8B665 /* 自由之歌.mp3 */; };
		AA384E0F2D7FD12800E8B665 /* 校园.mp3 in Resources */ = {isa = PBXBuildFile; fileRef = AA384E072D7FD12800E8B665 /* 校园.mp3 */; };
		AA384E102D7FD12800E8B665 /* happy.json in Resources */ = {isa = PBXBuildFile; fileRef = AA384DFE2D7FD12800E8B665 /* happy.json */; };
		AA384E112D7FD12800E8B665 /* 琵琶旋律.mp3 in Resources */ = {isa = PBXBuildFile; fileRef = AA384E052D7FD12800E8B665 /* 琵琶旋律.mp3 */; };
		AA384E122D7FD12800E8B665 /* Beautiful Goodbye.mp3 in Resources */ = {isa = PBXBuildFile; fileRef = AA384E0B2D7FD12800E8B665 /* Beautiful Goodbye.mp3 */; };
		AA384E132D7FD12800E8B665 /* 晨曦之歌.mp3 in Resources */ = {isa = PBXBuildFile; fileRef = AA384E022D7FD12800E8B665 /* 晨曦之歌.mp3 */; };
		AA384E142D7FD12800E8B665 /* 和谐的心弦.mp3 in Resources */ = {isa = PBXBuildFile; fileRef = AA384E032D7FD12800E8B665 /* 和谐的心弦.mp3 */; };
		AA384E152D7FD12800E8B665 /* calm.json in Resources */ = {isa = PBXBuildFile; fileRef = AA384DFC2D7FD12800E8B665 /* calm.json */; };
		AA384E162D7FD12800E8B665 /* angry.json in Resources */ = {isa = PBXBuildFile; fileRef = AA384DFB2D7FD12800E8B665 /* angry.json */; };
		AA384E172D7FD12800E8B665 /* 夜晚的思恋.mp3 in Resources */ = {isa = PBXBuildFile; fileRef = AA384E082D7FD12800E8B665 /* 夜晚的思恋.mp3 */; };
		AA384E182D7FD12800E8B665 /* tired.json in Resources */ = {isa = PBXBuildFile; fileRef = AA384E002D7FD12800E8B665 /* tired.json */; };
		AA384E192D7FD12800E8B665 /* 旅行的旋律.mp3 in Resources */ = {isa = PBXBuildFile; fileRef = AA384E042D7FD12800E8B665 /* 旅行的旋律.mp3 */; };
		AA384E1A2D7FD12800E8B665 /* 下雨天.mp3 in Resources */ = {isa = PBXBuildFile; fileRef = AA384E062D7FD12800E8B665 /* 下雨天.mp3 */; };
		AA384E1B2D7FD12800E8B665 /* excited.json in Resources */ = {isa = PBXBuildFile; fileRef = AA384DFD2D7FD12800E8B665 /* excited.json */; };
		AA384E1C2D7FD12800E8B665 /* 悠扬的旋律.mp3 in Resources */ = {isa = PBXBuildFile; fileRef = AA384E092D7FD12800E8B665 /* 悠扬的旋律.mp3 */; };
		AA384E1D2D7FD12800E8B665 /* sad.json in Resources */ = {isa = PBXBuildFile; fileRef = AA384DFF2D7FD12800E8B665 /* sad.json */; };
		AA384EC02D7FD1D000E8B665 /* AppDelegate.swift in Sources */ = {isa = PBXBuildFile; fileRef = AA384EBF2D7FD1D000E8B665 /* AppDelegate.swift */; };
		AA384EC42D7FD49000E8B665 /* PrivacyInfo.xcprivacy in Resources */ = {isa = PBXBuildFile; fileRef = AA384EC32D7FD49000E8B665 /* PrivacyInfo.xcprivacy */; };
		AA48A71D2D8198E600B0373D /* StoreKit.framework in Frameworks */ = {isa = PBXBuildFile; fileRef = AA48A71C2D8198E600B0373D /* StoreKit.framework */; };
		AA6D71162D827DEF00309D7C /* PrivacyPolicyViewController.swift in Sources */ = {isa = PBXBuildFile; fileRef = AA6D71022D827DEF00309D7C /* PrivacyPolicyViewController.swift */; };
		AA6D71172D827DEF00309D7C /* MoodCollectionViewCell.swift in Sources */ = {isa = PBXBuildFile; fileRef = AA6D70F62D827DEF00309D7C /* MoodCollectionViewCell.swift */; };
		AA6D71182D827DEF00309D7C /* RechargeViewController.swift in Sources */ = {isa = PBXBuildFile; fileRef = AA6D71032D827DEF00309D7C /* RechargeViewController.swift */; };
		AA6D71192D827DEF00309D7C /* MemojiCell.swift in Sources */ = {isa = PBXBuildFile; fileRef = AA6D710F2D827DEF00309D7C /* MemojiCell.swift */; };
		AA6D711A2D827DEF00309D7C /* ExploreLayoutSection.swift in Sources */ = {isa = PBXBuildFile; fileRef = AA6D70DD2D827DEF00309D7C /* ExploreLayoutSection.swift */; };
		AA6D711B2D827DEF00309D7C /* UIViewController+Keyboard.swift in Sources */ = {isa = PBXBuildFile; fileRef = AA6D70CD2D827DEF00309D7C /* UIViewController+Keyboard.swift */; };
		AA6D711C2D827DEF00309D7C /* ChatInputView.swift in Sources */ = {isa = PBXBuildFile; fileRef = AA6D70BF2D827DEF00309D7C /* ChatInputView.swift */; };
		AA6D711D2D827DEF00309D7C /* DateFormatter+Chat.swift in Sources */ = {isa = PBXBuildFile; fileRef = AA6D70CA2D827DEF00309D7C /* DateFormatter+Chat.swift */; };
		AA6D711E2D827DEF00309D7C /* KeychainHelper.swift in Sources */ = {isa = PBXBuildFile; fileRef = AA6D70D22D827DEF00309D7C /* KeychainHelper.swift */; };
		AA6D711F2D827DEF00309D7C /* Array+Shuffle.swift in Sources */ = {isa = PBXBuildFile; fileRef = AA6D70C92D827DEF00309D7C /* Array+Shuffle.swift */; };
		AA6D71202D827DEF00309D7C /* User.swift in Sources */ = {isa = PBXBuildFile; fileRef = AA6D710B2D827DEF00309D7C /* User.swift */; };
		AA6D71212D827DEF00309D7C /* ContactUsViewController.swift in Sources */ = {isa = PBXBuildFile; fileRef = AA6D70FB2D827DEF00309D7C /* ContactUsViewController.swift */; };
		AA6D71222D827DEF00309D7C /* EmptyStateView.swift in Sources */ = {isa = PBXBuildFile; fileRef = AA6D70D42D827DEF00309D7C /* EmptyStateView.swift */; };
		AA6D71232D827DEF00309D7C /* ExploreCell.swift in Sources */ = {isa = PBXBuildFile; fileRef = AA6D70E52D827DEF00309D7C /* ExploreCell.swift */; };
		AA6D71242D827DEF00309D7C /* BaseWebViewController.swift in Sources */ = {isa = PBXBuildFile; fileRef = AA6D70C62D827DEF00309D7C /* BaseWebViewController.swift */; };
		AA6D71252D827DEF00309D7C /* MemberBenefit.swift in Sources */ = {isa = PBXBuildFile; fileRef = AA6D71072D827DEF00309D7C /* MemberBenefit.swift */; };
		AA6D71262D827DEF00309D7C /* NotificationSettingsViewController.swift in Sources */ = {isa = PBXBuildFile; fileRef = AA6D71012D827DEF00309D7C /* NotificationSettingsViewController.swift */; };
		AA6D71272D827DEF00309D7C /* DisclaimerViewController.swift in Sources */ = {isa = PBXBuildFile; fileRef = AA6D70FC2D827DEF00309D7C /* DisclaimerViewController.swift */; };
		AA6D71282D827DEF00309D7C /* UserViewController.swift in Sources */ = {isa = PBXBuildFile; fileRef = AA6D71052D827DEF00309D7C /* UserViewController.swift */; };
		AA6D71292D827DEF00309D7C /* AIListCell.swift in Sources */ = {isa = PBXBuildFile; fileRef = AA6D70B22D827DEF00309D7C /* AIListCell.swift */; };
		AA6D712A2D827DEF00309D7C /* Constants.swift in Sources */ = {isa = PBXBuildFile; fileRef = AA6D70C42D827DEF00309D7C /* Constants.swift */; };
		AA6D712B2D827DEF00309D7C /* SecretCell.swift in Sources */ = {isa = PBXBuildFile; fileRef = AA6D70E62D827DEF00309D7C /* SecretCell.swift */; };
		AA6D712C2D827DEF00309D7C /* ExploreDetailViewController.swift in Sources */ = {isa = PBXBuildFile; fileRef = AA6D70D92D827DEF00309D7C /* ExploreDetailViewController.swift */; };
		AA6D712D2D827DEF00309D7C /* ReportViewController.swift in Sources */ = {isa = PBXBuildFile; fileRef = AA6D70AE2D827DEF00309D7C /* ReportViewController.swift */; };
		AA6D712E2D827DEF00309D7C /* UIViewController+Alert.swift in Sources */ = {isa = PBXBuildFile; fileRef = AA6D70CC2D827DEF00309D7C /* UIViewController+Alert.swift */; };
		AA6D712F2D827DEF00309D7C /* Mood.swift in Sources */ = {isa = PBXBuildFile; fileRef = AA6D70F42D827DEF00309D7C /* Mood.swift */; };
		AA6D71302D827DEF00309D7C /* ChatViewController.swift in Sources */ = {isa = PBXBuildFile; fileRef = AA6D70B72D827DEF00309D7C /* ChatViewController.swift */; };
		AA6D71312D827DEF00309D7C /* FortuneCache.swift in Sources */ = {isa = PBXBuildFile; fileRef = AA6D70E02D827DEF00309D7C /* FortuneCache.swift */; };
		AA6D71322D827DEF00309D7C /* SettingCell.swift in Sources */ = {isa = PBXBuildFile; fileRef = AA6D71112D827DEF00309D7C /* SettingCell.swift */; };
		AA6D71332D827DEF00309D7C /* SettingItem.swift in Sources */ = {isa = PBXBuildFile; fileRef = AA6D710A2D827DEF00309D7C /* SettingItem.swift */; };
		AA6D71342D827DEF00309D7C /* AIListViewController.swift in Sources */ = {isa = PBXBuildFile; fileRef = AA6D70AD2D827DEF00309D7C /* AIListViewController.swift */; };
		AA6D71352D827DEF00309D7C /* UIViewController+ImagePicker.swift in Sources */ = {isa = PBXBuildFile; fileRef = AA6D70ED2D827DEF00309D7C /* UIViewController+ImagePicker.swift */; };
		AA6D71362D827DEF00309D7C /* TagListView.swift in Sources */ = {isa = PBXBuildFile; fileRef = AA6D70D52D827DEF00309D7C /* TagListView.swift */; };
		AA6D71372D827DEF00309D7C /* WebViewController.swift in Sources */ = {isa = PBXBuildFile; fileRef = AA6D70C72D827DEF00309D7C /* WebViewController.swift */; };
		AA6D71382D827DEF00309D7C /* MemberViewController.swift in Sources */ = {isa = PBXBuildFile; fileRef = AA6D70FF2D827DEF00309D7C /* MemberViewController.swift */; };
		AA6D71392D827DEF00309D7C /* AIDetailViewController.swift in Sources */ = {isa = PBXBuildFile; fileRef = AA6D70AC2D827DEF00309D7C /* AIDetailViewController.swift */; };
		AA6D713A2D827DEF00309D7C /* ChatMessageCell.swift in Sources */ = {isa = PBXBuildFile; fileRef = AA6D70C02D827DEF00309D7C /* ChatMessageCell.swift */; };
		AA6D713B2D827DEF00309D7C /* ChatSessionCell.swift in Sources */ = {isa = PBXBuildFile; fileRef = AA6D70C12D827DEF00309D7C /* ChatSessionCell.swift */; };
		AA6D713C2D827DEF00309D7C /* ChatHistoryViewController.swift in Sources */ = {isa = PBXBuildFile; fileRef = AA6D70B62D827DEF00309D7C /* ChatHistoryViewController.swift */; };
		AA6D713D2D827DEF00309D7C /* MemberCell.swift in Sources */ = {isa = PBXBuildFile; fileRef = AA6D710E2D827DEF00309D7C /* MemberCell.swift */; };
		AA6D713E2D827DEF00309D7C /* RechargeCell.swift in Sources */ = {isa = PBXBuildFile; fileRef = AA6D71102D827DEF00309D7C /* RechargeCell.swift */; };
		AA6D713F2D827DEF00309D7C /* LaunchViewController.swift in Sources */ = {isa = PBXBuildFile; fileRef = AA6D70EF2D827DEF00309D7C /* LaunchViewController.swift */; };
		AA6D71402D827DEF00309D7C /* FortuneService.swift in Sources */ = {isa = PBXBuildFile; fileRef = AA6D70E22D827DEF00309D7C /* FortuneService.swift */; };
		AA6D71412D827DEF00309D7C /* MenuItem.swift in Sources */ = {isa = PBXBuildFile; fileRef = AA6D71082D827DEF00309D7C /* MenuItem.swift */; };
		AA6D71422D827DEF00309D7C /* MusicService.swift in Sources */ = {isa = PBXBuildFile; fileRef = AA6D70E32D827DEF00309D7C /* MusicService.swift */; };
		AA6D71432D827DEF00309D7C /* AboutUsViewController.swift in Sources */ = {isa = PBXBuildFile; fileRef = AA6D70F92D827DEF00309D7C /* AboutUsViewController.swift */; };
		AA6D71442D827DEF00309D7C /* ExploreModels.swift in Sources */ = {isa = PBXBuildFile; fileRef = AA6D70DF2D827DEF00309D7C /* ExploreModels.swift */; };
		AA6D71452D827DEF00309D7C /* ExploreHeaderView.swift in Sources */ = {isa = PBXBuildFile; fileRef = AA6D70E82D827DEF00309D7C /* ExploreHeaderView.swift */; };
		AA6D71462D827DEF00309D7C /* Date+Format.swift in Sources */ = {isa = PBXBuildFile; fileRef = AA6D70EB2D827DEF00309D7C /* Date+Format.swift */; };
		AA6D71472D827DEF00309D7C /* Product.swift in Sources */ = {isa = PBXBuildFile; fileRef = AA6D71092D827DEF00309D7C /* Product.swift */; };
		AA6D71482D827DEF00309D7C /* Int+Extension.swift in Sources */ = {isa = PBXBuildFile; fileRef = AA6D70EC2D827DEF00309D7C /* Int+Extension.swift */; };
		AA6D71492D827DEF00309D7C /* MoodSelectionViewController.swift in Sources */ = {isa = PBXBuildFile; fileRef = AA6D70F22D827DEF00309D7C /* MoodSelectionViewController.swift */; };
		AA6D714A2D827DEF00309D7C /* CustomExploreViewController.swift in Sources */ = {isa = PBXBuildFile; fileRef = AA6D70D82D827DEF00309D7C /* CustomExploreViewController.swift */; };
		AA6D714B2D827DEF00309D7C /* TagCell.swift in Sources */ = {isa = PBXBuildFile; fileRef = AA6D70B32D827DEF00309D7C /* TagCell.swift */; };
		AA6D714C2D827DEF00309D7C /* ExploreViewController.swift in Sources */ = {isa = PBXBuildFile; fileRef = AA6D70DA2D827DEF00309D7C /* ExploreViewController.swift */; };
		AA6D714D2D827DEF00309D7C /* ChatManager.swift in Sources */ = {isa = PBXBuildFile; fileRef = AA6D70B92D827DEF00309D7C /* ChatManager.swift */; };
		AA6D714E2D827DEF00309D7C /* SettingsViewController.swift in Sources */ = {isa = PBXBuildFile; fileRef = AA6D71042D827DEF00309D7C /* SettingsViewController.swift */; };
		AA6D714F2D827DEF00309D7C /* UserMenuCell.swift in Sources */ = {isa = PBXBuildFile; fileRef = AA6D71122D827DEF00309D7C /* UserMenuCell.swift */; };
		AA6D71502D827DEF00309D7C /* FeedbackViewController.swift in Sources */ = {isa = PBXBuildFile; fileRef = AA6D70FD2D827DEF00309D7C /* FeedbackViewController.swift */; };
		AA6D71512D827DEF00309D7C /* UIViewController+Navigation.swift in Sources */ = {isa = PBXBuildFile; fileRef = AA6D70CE2D827DEF00309D7C /* UIViewController+Navigation.swift */; };
		AA6D71522D827DEF00309D7C /* StoreManager.swift in Sources */ = {isa = PBXBuildFile; fileRef = AA6D70D02D827DEF00309D7C /* StoreManager.swift */; };
		AA6D71532D827DEF00309D7C /* HelpCenterViewController.swift in Sources */ = {isa = PBXBuildFile; fileRef = AA6D70FE2D827DEF00309D7C /* HelpCenterViewController.swift */; };
		AA6D71542D827DEF00309D7C /* ChatMessage.swift in Sources */ = {isa = PBXBuildFile; fileRef = AA6D70BB2D827DEF00309D7C /* ChatMessage.swift */; };
		AA6D71552D827DEF00309D7C /* MemojiPickerViewController.swift in Sources */ = {isa = PBXBuildFile; fileRef = AA6D71002D827DEF00309D7C /* MemojiPickerViewController.swift */; };
		AA6D71562D827DEF00309D7C /* UITextView+Placeholder.swift in Sources */ = {isa = PBXBuildFile; fileRef = AA6D70CB2D827DEF00309D7C /* UITextView+Placeholder.swift */; };
		AA6D71572D827DEF00309D7C /* MemberBenefitCell.swift in Sources */ = {isa = PBXBuildFile; fileRef = AA6D710D2D827DEF00309D7C /* MemberBenefitCell.swift */; };
		AA6D71582D827DEF00309D7C /* AIModel.swift in Sources */ = {isa = PBXBuildFile; fileRef = AA6D70B02D827DEF00309D7C /* AIModel.swift */; };
		AA6D71592D827DEF00309D7C /* ZhipuAIService.swift in Sources */ = {isa = PBXBuildFile; fileRef = AA6D70BD2D827DEF00309D7C /* ZhipuAIService.swift */; };
		AA6D715A2D827DEF00309D7C /* MusicSelectionViewController.swift in Sources */ = {isa = PBXBuildFile; fileRef = AA6D70DB2D827DEF00309D7C /* MusicSelectionViewController.swift */; };
		AA6D715B2D827DEF00309D7C /* AIManagementViewController.swift in Sources */ = {isa = PBXBuildFile; fileRef = AA6D70FA2D827DEF00309D7C /* AIManagementViewController.swift */; };
/* End PBXBuildFile section */

/* Begin PBXCopyFilesBuildPhase section */
		9705A1C41CF9048500538489 /* Embed Frameworks */ = {
			isa = PBXCopyFilesBuildPhase;
			buildActionMask = 2147483647;
			dstPath = "";
			dstSubfolderSpec = 10;
			files = (
			);
			name = "Embed Frameworks";
			runOnlyForDeploymentPostprocessing = 0;
		};
/* End PBXCopyFilesBuildPhase section */

/* Begin PBXFileReference section */
		1498D2321E8E86230040F4C2 /* GeneratedPluginRegistrant.h */ = {isa = PBXFileReference; lastKnownFileType = sourcecode.c.h; path = GeneratedPluginRegistrant.h; sourceTree = "<group>"; };
		1498D2331E8E89220040F4C2 /* GeneratedPluginRegistrant.m */ = {isa = PBXFileReference; fileEncoding = 4; lastKnownFileType = sourcecode.c.objc; path = GeneratedPluginRegistrant.m; sourceTree = "<group>"; };
		31B6D923625A71DC1A6DAA50 /* Pods-Runner.release.xcconfig */ = {isa = PBXFileReference; includeInIndex = 1; lastKnownFileType = text.xcconfig; name = "Pods-Runner.release.xcconfig"; path = "Target Support Files/Pods-Runner/Pods-Runner.release.xcconfig"; sourceTree = "<group>"; };
		3648CC4FBEC525BED702D4EE /* Pods_Runner.framework */ = {isa = PBXFileReference; explicitFileType = wrapper.framework; includeInIndex = 0; path = Pods_Runner.framework; sourceTree = BUILT_PRODUCTS_DIR; };
		3B3967151E833CAA004F5970 /* AppFrameworkInfo.plist */ = {isa = PBXFileReference; fileEncoding = 4; lastKnownFileType = text.plist.xml; name = AppFrameworkInfo.plist; path = Flutter/AppFrameworkInfo.plist; sourceTree = "<group>"; };
		74858FAD1ED2DC5600515810 /* Runner-Bridging-Header.h */ = {isa = PBXFileReference; lastKnownFileType = sourcecode.c.h; path = "Runner-Bridging-Header.h"; sourceTree = "<group>"; };
		7AFA3C8E1D35360C0083082E /* Release.xcconfig */ = {isa = PBXFileReference; lastKnownFileType = text.xcconfig; name = Release.xcconfig; path = Flutter/Release.xcconfig; sourceTree = "<group>"; };
		9740EEB21CF90195004384FC /* Debug.xcconfig */ = {isa = PBXFileReference; fileEncoding = 4; lastKnownFileType = text.xcconfig; name = Debug.xcconfig; path = Flutter/Debug.xcconfig; sourceTree = "<group>"; };
		9740EEB31CF90195004384FC /* Generated.xcconfig */ = {isa = PBXFileReference; fileEncoding = 4; lastKnownFileType = text.xcconfig; name = Generated.xcconfig; path = Flutter/Generated.xcconfig; sourceTree = "<group>"; };
		97C146EE1CF9000F007C117D /* Runner.app */ = {isa = PBXFileReference; explicitFileType = wrapper.application; includeInIndex = 0; path = Runner.app; sourceTree = BUILT_PRODUCTS_DIR; };
		97C146FD1CF9000F007C117D /* Assets.xcassets */ = {isa = PBXFileReference; lastKnownFileType = folder.assetcatalog; path = Assets.xcassets; sourceTree = "<group>"; };
		97C147001CF9000F007C117D /* Base */ = {isa = PBXFileReference; lastKnownFileType = file.storyboard; name = Base; path = Base.lproj/LaunchScreen.storyboard; sourceTree = "<group>"; };
		97C147021CF9000F007C117D /* Info.plist */ = {isa = PBXFileReference; lastKnownFileType = text.plist.xml; path = Info.plist; sourceTree = "<group>"; };
		AA384DFB2D7FD12800E8B665 /* angry.json */ = {isa = PBXFileReference; lastKnownFileType = text.json; path = angry.json; sourceTree = "<group>"; };
		AA384DFC2D7FD12800E8B665 /* calm.json */ = {isa = PBXFileReference; lastKnownFileType = text.json; path = calm.json; sourceTree = "<group>"; };
		AA384DFD2D7FD12800E8B665 /* excited.json */ = {isa = PBXFileReference; lastKnownFileType = text.json; path = excited.json; sourceTree = "<group>"; };
		AA384DFE2D7FD12800E8B665 /* happy.json */ = {isa = PBXFileReference; lastKnownFileType = text.json; path = happy.json; sourceTree = "<group>"; };
		AA384DFF2D7FD12800E8B665 /* sad.json */ = {isa = PBXFileReference; lastKnownFileType = text.json; path = sad.json; sourceTree = "<group>"; };
		AA384E002D7FD12800E8B665 /* tired.json */ = {isa = PBXFileReference; lastKnownFileType = text.json; path = tired.json; sourceTree = "<group>"; };
		AA384E022D7FD12800E8B665 /* 晨曦之歌.mp3 */ = {isa = PBXFileReference; lastKnownFileType = audio.mp3; path = "晨曦之歌.mp3"; sourceTree = "<group>"; };
		AA384E032D7FD12800E8B665 /* 和谐的心弦.mp3 */ = {isa = PBXFileReference; lastKnownFileType = audio.mp3; path = "和谐的心弦.mp3"; sourceTree = "<group>"; };
		AA384E042D7FD12800E8B665 /* 旅行的旋律.mp3 */ = {isa = PBXFileReference; lastKnownFileType = audio.mp3; path = "旅行的旋律.mp3"; sourceTree = "<group>"; };
		AA384E052D7FD12800E8B665 /* 琵琶旋律.mp3 */ = {isa = PBXFileReference; lastKnownFileType = audio.mp3; path = "琵琶旋律.mp3"; sourceTree = "<group>"; };
		AA384E062D7FD12800E8B665 /* 下雨天.mp3 */ = {isa = PBXFileReference; lastKnownFileType = audio.mp3; path = "下雨天.mp3"; sourceTree = "<group>"; };
		AA384E072D7FD12800E8B665 /* 校园.mp3 */ = {isa = PBXFileReference; lastKnownFileType = audio.mp3; path = "校园.mp3"; sourceTree = "<group>"; };
		AA384E082D7FD12800E8B665 /* 夜晚的思恋.mp3 */ = {isa = PBXFileReference; lastKnownFileType = audio.mp3; path = "夜晚的思恋.mp3"; sourceTree = "<group>"; };
		AA384E092D7FD12800E8B665 /* 悠扬的旋律.mp3 */ = {isa = PBXFileReference; lastKnownFileType = audio.mp3; path = "悠扬的旋律.mp3"; sourceTree = "<group>"; };
		AA384E0A2D7FD12800E8B665 /* 自由之歌.mp3 */ = {isa = PBXFileReference; lastKnownFileType = audio.mp3; path = "自由之歌.mp3"; sourceTree = "<group>"; };
		AA384E0B2D7FD12800E8B665 /* Beautiful Goodbye.mp3 */ = {isa = PBXFileReference; lastKnownFileType = audio.mp3; path = "Beautiful Goodbye.mp3"; sourceTree = "<group>"; };
		AA384EBF2D7FD1D000E8B665 /* AppDelegate.swift */ = {isa = PBXFileReference; lastKnownFileType = sourcecode.swift; path = AppDelegate.swift; sourceTree = "<group>"; };
		AA384EC32D7FD49000E8B665 /* PrivacyInfo.xcprivacy */ = {isa = PBXFileReference; lastKnownFileType = text.xml; path = PrivacyInfo.xcprivacy; sourceTree = "<group>"; };
		AA3852EE2D7FDF3C00E8B665 /* Runner.entitlements */ = {isa = PBXFileReference; lastKnownFileType = text.plist.entitlements; path = Runner.entitlements; sourceTree = "<group>"; };
		AA48A71C2D8198E600B0373D /* StoreKit.framework */ = {isa = PBXFileReference; lastKnownFileType = wrapper.framework; name = StoreKit.framework; path = System/Library/Frameworks/StoreKit.framework; sourceTree = SDKROOT; };
		AA6D70AC2D827DEF00309D7C /* AIDetailViewController.swift */ = {isa = PBXFileReference; lastKnownFileType = sourcecode.swift; path = AIDetailViewController.swift; sourceTree = "<group>"; };
		AA6D70AD2D827DEF00309D7C /* AIListViewController.swift */ = {isa = PBXFileReference; lastKnownFileType = sourcecode.swift; path = AIListViewController.swift; sourceTree = "<group>"; };
		AA6D70AE2D827DEF00309D7C /* ReportViewController.swift */ = {isa = PBXFileReference; lastKnownFileType = sourcecode.swift; path = ReportViewController.swift; sourceTree = "<group>"; };
		AA6D70B02D827DEF00309D7C /* AIModel.swift */ = {isa = PBXFileReference; lastKnownFileType = sourcecode.swift; path = AIModel.swift; sourceTree = "<group>"; };
		AA6D70B22D827DEF00309D7C /* AIListCell.swift */ = {isa = PBXFileReference; lastKnownFileType = sourcecode.swift; path = AIListCell.swift; sourceTree = "<group>"; };
		AA6D70B32D827DEF00309D7C /* TagCell.swift */ = {isa = PBXFileReference; lastKnownFileType = sourcecode.swift; path = TagCell.swift; sourceTree = "<group>"; };
		AA6D70B62D827DEF00309D7C /* ChatHistoryViewController.swift */ = {isa = PBXFileReference; lastKnownFileType = sourcecode.swift; path = ChatHistoryViewController.swift; sourceTree = "<group>"; };
		AA6D70B72D827DEF00309D7C /* ChatViewController.swift */ = {isa = PBXFileReference; lastKnownFileType = sourcecode.swift; path = ChatViewController.swift; sourceTree = "<group>"; };
		AA6D70B92D827DEF00309D7C /* ChatManager.swift */ = {isa = PBXFileReference; lastKnownFileType = sourcecode.swift; path = ChatManager.swift; sourceTree = "<group>"; };
		AA6D70BB2D827DEF00309D7C /* ChatMessage.swift */ = {isa = PBXFileReference; lastKnownFileType = sourcecode.swift; path = ChatMessage.swift; sourceTree = "<group>"; };
		AA6D70BD2D827DEF00309D7C /* ZhipuAIService.swift */ = {isa = PBXFileReference; lastKnownFileType = sourcecode.swift; path = ZhipuAIService.swift; sourceTree = "<group>"; };
		AA6D70BF2D827DEF00309D7C /* ChatInputView.swift */ = {isa = PBXFileReference; lastKnownFileType = sourcecode.swift; path = ChatInputView.swift; sourceTree = "<group>"; };
		AA6D70C02D827DEF00309D7C /* ChatMessageCell.swift */ = {isa = PBXFileReference; lastKnownFileType = sourcecode.swift; path = ChatMessageCell.swift; sourceTree = "<group>"; };
		AA6D70C12D827DEF00309D7C /* ChatSessionCell.swift */ = {isa = PBXFileReference; lastKnownFileType = sourcecode.swift; path = ChatSessionCell.swift; sourceTree = "<group>"; };
		AA6D70C42D827DEF00309D7C /* Constants.swift */ = {isa = PBXFileReference; lastKnownFileType = sourcecode.swift; path = Constants.swift; sourceTree = "<group>"; };
		AA6D70C62D827DEF00309D7C /* BaseWebViewController.swift */ = {isa = PBXFileReference; lastKnownFileType = sourcecode.swift; path = BaseWebViewController.swift; sourceTree = "<group>"; };
		AA6D70C72D827DEF00309D7C /* WebViewController.swift */ = {isa = PBXFileReference; lastKnownFileType = sourcecode.swift; path = WebViewController.swift; sourceTree = "<group>"; };
		AA6D70C92D827DEF00309D7C /* Array+Shuffle.swift */ = {isa = PBXFileReference; lastKnownFileType = sourcecode.swift; path = "Array+Shuffle.swift"; sourceTree = "<group>"; };
		AA6D70CA2D827DEF00309D7C /* DateFormatter+Chat.swift */ = {isa = PBXFileReference; lastKnownFileType = sourcecode.swift; path = "DateFormatter+Chat.swift"; sourceTree = "<group>"; };
		AA6D70CB2D827DEF00309D7C /* UITextView+Placeholder.swift */ = {isa = PBXFileReference; lastKnownFileType = sourcecode.swift; path = "UITextView+Placeholder.swift"; sourceTree = "<group>"; };
		AA6D70CC2D827DEF00309D7C /* UIViewController+Alert.swift */ = {isa = PBXFileReference; lastKnownFileType = sourcecode.swift; path = "UIViewController+Alert.swift"; sourceTree = "<group>"; };
		AA6D70CD2D827DEF00309D7C /* UIViewController+Keyboard.swift */ = {isa = PBXFileReference; lastKnownFileType = sourcecode.swift; path = "UIViewController+Keyboard.swift"; sourceTree = "<group>"; };
		AA6D70CE2D827DEF00309D7C /* UIViewController+Navigation.swift */ = {isa = PBXFileReference; lastKnownFileType = sourcecode.swift; path = "UIViewController+Navigation.swift"; sourceTree = "<group>"; };
		AA6D70D02D827DEF00309D7C /* StoreManager.swift */ = {isa = PBXFileReference; lastKnownFileType = sourcecode.swift; path = StoreManager.swift; sourceTree = "<group>"; };
		AA6D70D22D827DEF00309D7C /* KeychainHelper.swift */ = {isa = PBXFileReference; lastKnownFileType = sourcecode.swift; path = KeychainHelper.swift; sourceTree = "<group>"; };
		AA6D70D42D827DEF00309D7C /* EmptyStateView.swift */ = {isa = PBXFileReference; lastKnownFileType = sourcecode.swift; path = EmptyStateView.swift; sourceTree = "<group>"; };
		AA6D70D52D827DEF00309D7C /* TagListView.swift */ = {isa = PBXFileReference; lastKnownFileType = sourcecode.swift; path = TagListView.swift; sourceTree = "<group>"; };
		AA6D70D82D827DEF00309D7C /* CustomExploreViewController.swift */ = {isa = PBXFileReference; lastKnownFileType = sourcecode.swift; path = CustomExploreViewController.swift; sourceTree = "<group>"; };
		AA6D70D92D827DEF00309D7C /* ExploreDetailViewController.swift */ = {isa = PBXFileReference; lastKnownFileType = sourcecode.swift; path = ExploreDetailViewController.swift; sourceTree = "<group>"; };
		AA6D70DA2D827DEF00309D7C /* ExploreViewController.swift */ = {isa = PBXFileReference; lastKnownFileType = sourcecode.swift; path = ExploreViewController.swift; sourceTree = "<group>"; };
		AA6D70DB2D827DEF00309D7C /* MusicSelectionViewController.swift */ = {isa = PBXFileReference; lastKnownFileType = sourcecode.swift; path = MusicSelectionViewController.swift; sourceTree = "<group>"; };
		AA6D70DD2D827DEF00309D7C /* ExploreLayoutSection.swift */ = {isa = PBXFileReference; lastKnownFileType = sourcecode.swift; path = ExploreLayoutSection.swift; sourceTree = "<group>"; };
		AA6D70DF2D827DEF00309D7C /* ExploreModels.swift */ = {isa = PBXFileReference; lastKnownFileType = sourcecode.swift; path = ExploreModels.swift; sourceTree = "<group>"; };
		AA6D70E02D827DEF00309D7C /* FortuneCache.swift */ = {isa = PBXFileReference; lastKnownFileType = sourcecode.swift; path = FortuneCache.swift; sourceTree = "<group>"; };
		AA6D70E22D827DEF00309D7C /* FortuneService.swift */ = {isa = PBXFileReference; lastKnownFileType = sourcecode.swift; path = FortuneService.swift; sourceTree = "<group>"; };
		AA6D70E32D827DEF00309D7C /* MusicService.swift */ = {isa = PBXFileReference; lastKnownFileType = sourcecode.swift; path = MusicService.swift; sourceTree = "<group>"; };
		AA6D70E52D827DEF00309D7C /* ExploreCell.swift */ = {isa = PBXFileReference; lastKnownFileType = sourcecode.swift; path = ExploreCell.swift; sourceTree = "<group>"; };
		AA6D70E62D827DEF00309D7C /* SecretCell.swift */ = {isa = PBXFileReference; lastKnownFileType = sourcecode.swift; path = SecretCell.swift; sourceTree = "<group>"; };
		AA6D70E82D827DEF00309D7C /* ExploreHeaderView.swift */ = {isa = PBXFileReference; lastKnownFileType = sourcecode.swift; path = ExploreHeaderView.swift; sourceTree = "<group>"; };
		AA6D70EB2D827DEF00309D7C /* Date+Format.swift */ = {isa = PBXFileReference; lastKnownFileType = sourcecode.swift; path = "Date+Format.swift"; sourceTree = "<group>"; };
		AA6D70EC2D827DEF00309D7C /* Int+Extension.swift */ = {isa = PBXFileReference; lastKnownFileType = sourcecode.swift; path = "Int+Extension.swift"; sourceTree = "<group>"; };
		AA6D70ED2D827DEF00309D7C /* UIViewController+ImagePicker.swift */ = {isa = PBXFileReference; lastKnownFileType = sourcecode.swift; path = "UIViewController+ImagePicker.swift"; sourceTree = "<group>"; };
		AA6D70EF2D827DEF00309D7C /* LaunchViewController.swift */ = {isa = PBXFileReference; lastKnownFileType = sourcecode.swift; path = LaunchViewController.swift; sourceTree = "<group>"; };
		AA6D70F22D827DEF00309D7C /* MoodSelectionViewController.swift */ = {isa = PBXFileReference; lastKnownFileType = sourcecode.swift; path = MoodSelectionViewController.swift; sourceTree = "<group>"; };
		AA6D70F42D827DEF00309D7C /* Mood.swift */ = {isa = PBXFileReference; lastKnownFileType = sourcecode.swift; path = Mood.swift; sourceTree = "<group>"; };
		AA6D70F62D827DEF00309D7C /* MoodCollectionViewCell.swift */ = {isa = PBXFileReference; lastKnownFileType = sourcecode.swift; path = MoodCollectionViewCell.swift; sourceTree = "<group>"; };
		AA6D70F92D827DEF00309D7C /* AboutUsViewController.swift */ = {isa = PBXFileReference; lastKnownFileType = sourcecode.swift; path = AboutUsViewController.swift; sourceTree = "<group>"; };
		AA6D70FA2D827DEF00309D7C /* AIManagementViewController.swift */ = {isa = PBXFileReference; lastKnownFileType = sourcecode.swift; path = AIManagementViewController.swift; sourceTree = "<group>"; };
		AA6D70FB2D827DEF00309D7C /* ContactUsViewController.swift */ = {isa = PBXFileReference; lastKnownFileType = sourcecode.swift; path = ContactUsViewController.swift; sourceTree = "<group>"; };
		AA6D70FC2D827DEF00309D7C /* DisclaimerViewController.swift */ = {isa = PBXFileReference; lastKnownFileType = sourcecode.swift; path = DisclaimerViewController.swift; sourceTree = "<group>"; };
		AA6D70FD2D827DEF00309D7C /* FeedbackViewController.swift */ = {isa = PBXFileReference; lastKnownFileType = sourcecode.swift; path = FeedbackViewController.swift; sourceTree = "<group>"; };
		AA6D70FE2D827DEF00309D7C /* HelpCenterViewController.swift */ = {isa = PBXFileReference; lastKnownFileType = sourcecode.swift; path = HelpCenterViewController.swift; sourceTree = "<group>"; };
		AA6D70FF2D827DEF00309D7C /* MemberViewController.swift */ = {isa = PBXFileReference; lastKnownFileType = sourcecode.swift; path = MemberViewController.swift; sourceTree = "<group>"; };
		AA6D71002D827DEF00309D7C /* MemojiPickerViewController.swift */ = {isa = PBXFileReference; lastKnownFileType = sourcecode.swift; path = MemojiPickerViewController.swift; sourceTree = "<group>"; };
		AA6D71012D827DEF00309D7C /* NotificationSettingsViewController.swift */ = {isa = PBXFileReference; lastKnownFileType = sourcecode.swift; path = NotificationSettingsViewController.swift; sourceTree = "<group>"; };
		AA6D71022D827DEF00309D7C /* PrivacyPolicyViewController.swift */ = {isa = PBXFileReference; lastKnownFileType = sourcecode.swift; path = PrivacyPolicyViewController.swift; sourceTree = "<group>"; };
		AA6D71032D827DEF00309D7C /* RechargeViewController.swift */ = {isa = PBXFileReference; lastKnownFileType = sourcecode.swift; path = RechargeViewController.swift; sourceTree = "<group>"; };
		AA6D71042D827DEF00309D7C /* SettingsViewController.swift */ = {isa = PBXFileReference; lastKnownFileType = sourcecode.swift; path = SettingsViewController.swift; sourceTree = "<group>"; };
		AA6D71052D827DEF00309D7C /* UserViewController.swift */ = {isa = PBXFileReference; lastKnownFileType = sourcecode.swift; path = UserViewController.swift; sourceTree = "<group>"; };
		AA6D71072D827DEF00309D7C /* MemberBenefit.swift */ = {isa = PBXFileReference; lastKnownFileType = sourcecode.swift; path = MemberBenefit.swift; sourceTree = "<group>"; };
		AA6D71082D827DEF00309D7C /* MenuItem.swift */ = {isa = PBXFileReference; lastKnownFileType = sourcecode.swift; path = MenuItem.swift; sourceTree = "<group>"; };
		AA6D71092D827DEF00309D7C /* Product.swift */ = {isa = PBXFileReference; lastKnownFileType = sourcecode.swift; path = Product.swift; sourceTree = "<group>"; };
		AA6D710A2D827DEF00309D7C /* SettingItem.swift */ = {isa = PBXFileReference; lastKnownFileType = sourcecode.swift; path = SettingItem.swift; sourceTree = "<group>"; };
		AA6D710B2D827DEF00309D7C /* User.swift */ = {isa = PBXFileReference; lastKnownFileType = sourcecode.swift; path = User.swift; sourceTree = "<group>"; };
		AA6D710D2D827DEF00309D7C /* MemberBenefitCell.swift */ = {isa = PBXFileReference; lastKnownFileType = sourcecode.swift; path = MemberBenefitCell.swift; sourceTree = "<group>"; };
		AA6D710E2D827DEF00309D7C /* MemberCell.swift */ = {isa = PBXFileReference; lastKnownFileType = sourcecode.swift; path = MemberCell.swift; sourceTree = "<group>"; };
		AA6D710F2D827DEF00309D7C /* MemojiCell.swift */ = {isa = PBXFileReference; lastKnownFileType = sourcecode.swift; path = MemojiCell.swift; sourceTree = "<group>"; };
		AA6D71102D827DEF00309D7C /* RechargeCell.swift */ = {isa = PBXFileReference; lastKnownFileType = sourcecode.swift; path = RechargeCell.swift; sourceTree = "<group>"; };
		AA6D71112D827DEF00309D7C /* SettingCell.swift */ = {isa = PBXFileReference; lastKnownFileType = sourcecode.swift; path = SettingCell.swift; sourceTree = "<group>"; };
		AA6D71122D827DEF00309D7C /* UserMenuCell.swift */ = {isa = PBXFileReference; lastKnownFileType = sourcecode.swift; path = UserMenuCell.swift; sourceTree = "<group>"; };
		CE3F52D46CCA354B6C7FBADC /* Pods-Runner.profile.xcconfig */ = {isa = PBXFileReference; includeInIndex = 1; lastKnownFileType = text.xcconfig; name = "Pods-Runner.profile.xcconfig"; path = "Target Support Files/Pods-Runner/Pods-Runner.profile.xcconfig"; sourceTree = "<group>"; };
		D160AC0CE2EBA67684B531F8 /* Pods-Runner.debug.xcconfig */ = {isa = PBXFileReference; includeInIndex = 1; lastKnownFileType = text.xcconfig; name = "Pods-Runner.debug.xcconfig"; path = "Target Support Files/Pods-Runner/Pods-Runner.debug.xcconfig"; sourceTree = "<group>"; };
/* End PBXFileReference section */

/* Begin PBXFrameworksBuildPhase section */
		97C146EB1CF9000F007C117D /* Frameworks */ = {
			isa = PBXFrameworksBuildPhase;
			buildActionMask = 2147483647;
			files = (
				8496E9E2DDE8B6A639794E2A /* Pods_Runner.framework in Frameworks */,
				AA48A71D2D8198E600B0373D /* StoreKit.framework in Frameworks */,
			);
			runOnlyForDeploymentPostprocessing = 0;
		};
/* End PBXFrameworksBuildPhase section */

/* Begin PBXGroup section */
		9740EEB11CF90186004384FC /* Flutter */ = {
			isa = PBXGroup;
			children = (
				3B3967151E833CAA004F5970 /* AppFrameworkInfo.plist */,
				9740EEB21CF90195004384FC /* Debug.xcconfig */,
				7AFA3C8E1D35360C0083082E /* Release.xcconfig */,
				9740EEB31CF90195004384FC /* Generated.xcconfig */,
			);
			name = Flutter;
			sourceTree = "<group>";
		};
		97C146E51CF9000F007C117D = {
			isa = PBXGroup;
			children = (
				9740EEB11CF90186004384FC /* Flutter */,
				97C146F01CF9000F007C117D /* Runner */,
				97C146EF1CF9000F007C117D /* Products */,
				DD6B56F0B8E7AA3D6BFAD875 /* Pods */,
				C436836D6C52E834886249E6 /* Frameworks */,
			);
			sourceTree = "<group>";
		};
		97C146EF1CF9000F007C117D /* Products */ = {
			isa = PBXGroup;
			children = (
				97C146EE1CF9000F007C117D /* Runner.app */,
			);
			name = Products;
			sourceTree = "<group>";
		};
		97C146F01CF9000F007C117D /* Runner */ = {
			isa = PBXGroup;
			children = (
				AA6D71152D827DEF00309D7C /* TYFunc */,
				AA3852EE2D7FDF3C00E8B665 /* Runner.entitlements */,
				AA384EBF2D7FD1D000E8B665 /* AppDelegate.swift */,
				AA384E0D2D7FD12800E8B665 /* Resources */,
				97C146FD1CF9000F007C117D /* Assets.xcassets */,
				97C146FF1CF9000F007C117D /* LaunchScreen.storyboard */,
				97C147021CF9000F007C117D /* Info.plist */,
				AA384EC32D7FD49000E8B665 /* PrivacyInfo.xcprivacy */,
				1498D2321E8E86230040F4C2 /* GeneratedPluginRegistrant.h */,
				1498D2331E8E89220040F4C2 /* GeneratedPluginRegistrant.m */,
				74858FAD1ED2DC5600515810 /* Runner-Bridging-Header.h */,
			);
			path = Runner;
			sourceTree = "<group>";
		};
		AA384E012D7FD12800E8B665 /* AI */ = {
			isa = PBXGroup;
			children = (
				AA384DFB2D7FD12800E8B665 /* angry.json */,
				AA384DFC2D7FD12800E8B665 /* calm.json */,
				AA384DFD2D7FD12800E8B665 /* excited.json */,
				AA384DFE2D7FD12800E8B665 /* happy.json */,
				AA384DFF2D7FD12800E8B665 /* sad.json */,
				AA384E002D7FD12800E8B665 /* tired.json */,
			);
			path = AI;
			sourceTree = "<group>";
		};
		AA384E0C2D7FD12800E8B665 /* MP3 */ = {
			isa = PBXGroup;
			children = (
				AA384E022D7FD12800E8B665 /* 晨曦之歌.mp3 */,
				AA384E032D7FD12800E8B665 /* 和谐的心弦.mp3 */,
				AA384E042D7FD12800E8B665 /* 旅行的旋律.mp3 */,
				AA384E052D7FD12800E8B665 /* 琵琶旋律.mp3 */,
				AA384E062D7FD12800E8B665 /* 下雨天.mp3 */,
				AA384E072D7FD12800E8B665 /* 校园.mp3 */,
				AA384E082D7FD12800E8B665 /* 夜晚的思恋.mp3 */,
				AA384E092D7FD12800E8B665 /* 悠扬的旋律.mp3 */,
				AA384E0A2D7FD12800E8B665 /* 自由之歌.mp3 */,
				AA384E0B2D7FD12800E8B665 /* Beautiful Goodbye.mp3 */,
			);
			path = MP3;
			sourceTree = "<group>";
		};
		AA384E0D2D7FD12800E8B665 /* Resources */ = {
			isa = PBXGroup;
			children = (
				AA384E012D7FD12800E8B665 /* AI */,
				AA384E0C2D7FD12800E8B665 /* MP3 */,
			);
			path = Resources;
			sourceTree = "<group>";
		};
		AA6D70AF2D827DEF00309D7C /* Controllers */ = {
			isa = PBXGroup;
			children = (
				AA6D70AC2D827DEF00309D7C /* AIDetailViewController.swift */,
				AA6D70AD2D827DEF00309D7C /* AIListViewController.swift */,
				AA6D70AE2D827DEF00309D7C /* ReportViewController.swift */,
			);
			path = Controllers;
			sourceTree = "<group>";
		};
		AA6D70B12D827DEF00309D7C /* Models */ = {
			isa = PBXGroup;
			children = (
				AA6D70B02D827DEF00309D7C /* AIModel.swift */,
			);
			path = Models;
			sourceTree = "<group>";
		};
		AA6D70B42D827DEF00309D7C /* Views */ = {
			isa = PBXGroup;
			children = (
				AA6D70B22D827DEF00309D7C /* AIListCell.swift */,
				AA6D70B32D827DEF00309D7C /* TagCell.swift */,
			);
			path = Views;
			sourceTree = "<group>";
		};
		AA6D70B52D827DEF00309D7C /* AIModule */ = {
			isa = PBXGroup;
			children = (
				AA6D70AF2D827DEF00309D7C /* Controllers */,
				AA6D70B12D827DEF00309D7C /* Models */,
				AA6D70B42D827DEF00309D7C /* Views */,
			);
			path = AIModule;
			sourceTree = "<group>";
		};
		AA6D70B82D827DEF00309D7C /* Controllers */ = {
			isa = PBXGroup;
			children = (
				AA6D70B62D827DEF00309D7C /* ChatHistoryViewController.swift */,
				AA6D70B72D827DEF00309D7C /* ChatViewController.swift */,
			);
			path = Controllers;
			sourceTree = "<group>";
		};
		AA6D70BA2D827DEF00309D7C /* Managers */ = {
			isa = PBXGroup;
			children = (
				AA6D70B92D827DEF00309D7C /* ChatManager.swift */,
			);
			path = Managers;
			sourceTree = "<group>";
		};
		AA6D70BC2D827DEF00309D7C /* Models */ = {
			isa = PBXGroup;
			children = (
				AA6D70BB2D827DEF00309D7C /* ChatMessage.swift */,
			);
			path = Models;
			sourceTree = "<group>";
		};
		AA6D70BE2D827DEF00309D7C /* Services */ = {
			isa = PBXGroup;
			children = (
				AA6D70BD2D827DEF00309D7C /* ZhipuAIService.swift */,
			);
			path = Services;
			sourceTree = "<group>";
		};
		AA6D70C22D827DEF00309D7C /* Views */ = {
			isa = PBXGroup;
			children = (
				AA6D70BF2D827DEF00309D7C /* ChatInputView.swift */,
				AA6D70C02D827DEF00309D7C /* ChatMessageCell.swift */,
				AA6D70C12D827DEF00309D7C /* ChatSessionCell.swift */,
			);
			path = Views;
			sourceTree = "<group>";
		};
		AA6D70C32D827DEF00309D7C /* ChatModule */ = {
			isa = PBXGroup;
			children = (
				AA6D70B82D827DEF00309D7C /* Controllers */,
				AA6D70BA2D827DEF00309D7C /* Managers */,
				AA6D70BC2D827DEF00309D7C /* Models */,
				AA6D70BE2D827DEF00309D7C /* Services */,
				AA6D70C22D827DEF00309D7C /* Views */,
			);
			path = ChatModule;
			sourceTree = "<group>";
		};
		AA6D70C52D827DEF00309D7C /* Constants */ = {
			isa = PBXGroup;
			children = (
				AA6D70C42D827DEF00309D7C /* Constants.swift */,
			);
			path = Constants;
			sourceTree = "<group>";
		};
		AA6D70C82D827DEF00309D7C /* Controllers */ = {
			isa = PBXGroup;
			children = (
				AA6D70C62D827DEF00309D7C /* BaseWebViewController.swift */,
				AA6D70C72D827DEF00309D7C /* WebViewController.swift */,
			);
			path = Controllers;
			sourceTree = "<group>";
		};
		AA6D70CF2D827DEF00309D7C /* Extensions */ = {
			isa = PBXGroup;
			children = (
				AA6D70C92D827DEF00309D7C /* Array+Shuffle.swift */,
				AA6D70CA2D827DEF00309D7C /* DateFormatter+Chat.swift */,
				AA6D70CB2D827DEF00309D7C /* UITextView+Placeholder.swift */,
				AA6D70CC2D827DEF00309D7C /* UIViewController+Alert.swift */,
				AA6D70CD2D827DEF00309D7C /* UIViewController+Keyboard.swift */,
				AA6D70CE2D827DEF00309D7C /* UIViewController+Navigation.swift */,
			);
			path = Extensions;
			sourceTree = "<group>";
		};
		AA6D70D12D827DEF00309D7C /* Managers */ = {
			isa = PBXGroup;
			children = (
				AA6D70D02D827DEF00309D7C /* StoreManager.swift */,
			);
			path = Managers;
			sourceTree = "<group>";
		};
		AA6D70D32D827DEF00309D7C /* Utils */ = {
			isa = PBXGroup;
			children = (
				AA6D70D22D827DEF00309D7C /* KeychainHelper.swift */,
			);
			path = Utils;
			sourceTree = "<group>";
		};
		AA6D70D62D827DEF00309D7C /* Views */ = {
			isa = PBXGroup;
			children = (
				AA6D70D42D827DEF00309D7C /* EmptyStateView.swift */,
				AA6D70D52D827DEF00309D7C /* TagListView.swift */,
			);
			path = Views;
			sourceTree = "<group>";
		};
		AA6D70D72D827DEF00309D7C /* Common */ = {
			isa = PBXGroup;
			children = (
				AA6D70C52D827DEF00309D7C /* Constants */,
				AA6D70C82D827DEF00309D7C /* Controllers */,
				AA6D70CF2D827DEF00309D7C /* Extensions */,
				AA6D70D12D827DEF00309D7C /* Managers */,
				AA6D70D32D827DEF00309D7C /* Utils */,
				AA6D70D62D827DEF00309D7C /* Views */,
			);
			path = Common;
			sourceTree = "<group>";
		};
		AA6D70DC2D827DEF00309D7C /* Controllers */ = {
			isa = PBXGroup;
			children = (
				AA6D70D82D827DEF00309D7C /* CustomExploreViewController.swift */,
				AA6D70D92D827DEF00309D7C /* ExploreDetailViewController.swift */,
				AA6D70DA2D827DEF00309D7C /* ExploreViewController.swift */,
				AA6D70DB2D827DEF00309D7C /* MusicSelectionViewController.swift */,
			);
			path = Controllers;
			sourceTree = "<group>";
		};
		AA6D70DE2D827DEF00309D7C /* Layouts */ = {
			isa = PBXGroup;
			children = (
				AA6D70DD2D827DEF00309D7C /* ExploreLayoutSection.swift */,
			);
			path = Layouts;
			sourceTree = "<group>";
		};
		AA6D70E12D827DEF00309D7C /* Models */ = {
			isa = PBXGroup;
			children = (
				AA6D70DF2D827DEF00309D7C /* ExploreModels.swift */,
				AA6D70E02D827DEF00309D7C /* FortuneCache.swift */,
			);
			path = Models;
			sourceTree = "<group>";
		};
		AA6D70E42D827DEF00309D7C /* Services */ = {
			isa = PBXGroup;
			children = (
				AA6D70E22D827DEF00309D7C /* FortuneService.swift */,
				AA6D70E32D827DEF00309D7C /* MusicService.swift */,
			);
			path = Services;
			sourceTree = "<group>";
		};
		AA6D70E72D827DEF00309D7C /* Cells */ = {
			isa = PBXGroup;
			children = (
				AA6D70E52D827DEF00309D7C /* ExploreCell.swift */,
				AA6D70E62D827DEF00309D7C /* SecretCell.swift */,
			);
			path = Cells;
			sourceTree = "<group>";
		};
		AA6D70E92D827DEF00309D7C /* Views */ = {
			isa = PBXGroup;
			children = (
				AA6D70E72D827DEF00309D7C /* Cells */,
				AA6D70E82D827DEF00309D7C /* ExploreHeaderView.swift */,
			);
			path = Views;
			sourceTree = "<group>";
		};
		AA6D70EA2D827DEF00309D7C /* ExploreModule */ = {
			isa = PBXGroup;
			children = (
				AA6D70DC2D827DEF00309D7C /* Controllers */,
				AA6D70DE2D827DEF00309D7C /* Layouts */,
				AA6D70E12D827DEF00309D7C /* Models */,
				AA6D70E42D827DEF00309D7C /* Services */,
				AA6D70E92D827DEF00309D7C /* Views */,
			);
			path = ExploreModule;
			sourceTree = "<group>";
		};
		AA6D70EE2D827DEF00309D7C /* Extensions */ = {
			isa = PBXGroup;
			children = (
				AA6D70EB2D827DEF00309D7C /* Date+Format.swift */,
				AA6D70EC2D827DEF00309D7C /* Int+Extension.swift */,
				AA6D70ED2D827DEF00309D7C /* UIViewController+ImagePicker.swift */,
			);
			path = Extensions;
			sourceTree = "<group>";
		};
		AA6D70F02D827DEF00309D7C /* Controllers */ = {
			isa = PBXGroup;
			children = (
				AA6D70EF2D827DEF00309D7C /* LaunchViewController.swift */,
			);
			path = Controllers;
			sourceTree = "<group>";
		};
		AA6D70F12D827DEF00309D7C /* LaunchModule */ = {
			isa = PBXGroup;
			children = (
				AA6D70F02D827DEF00309D7C /* Controllers */,
			);
			path = LaunchModule;
			sourceTree = "<group>";
		};
		AA6D70F32D827DEF00309D7C /* Controllers */ = {
			isa = PBXGroup;
			children = (
				AA6D70F22D827DEF00309D7C /* MoodSelectionViewController.swift */,
			);
			path = Controllers;
			sourceTree = "<group>";
		};
		AA6D70F52D827DEF00309D7C /* Models */ = {
			isa = PBXGroup;
			children = (
				AA6D70F42D827DEF00309D7C /* Mood.swift */,
			);
			path = Models;
			sourceTree = "<group>";
		};
		AA6D70F72D827DEF00309D7C /* Views */ = {
			isa = PBXGroup;
			children = (
				AA6D70F62D827DEF00309D7C /* MoodCollectionViewCell.swift */,
			);
			path = Views;
			sourceTree = "<group>";
		};
		AA6D70F82D827DEF00309D7C /* MoodModule */ = {
			isa = PBXGroup;
			children = (
				AA6D70F32D827DEF00309D7C /* Controllers */,
				AA6D70F52D827DEF00309D7C /* Models */,
				AA6D70F72D827DEF00309D7C /* Views */,
			);
			path = MoodModule;
			sourceTree = "<group>";
		};
		AA6D71062D827DEF00309D7C /* Controllers */ = {
			isa = PBXGroup;
			children = (
				AA6D70F92D827DEF00309D7C /* AboutUsViewController.swift */,
				AA6D70FA2D827DEF00309D7C /* AIManagementViewController.swift */,
				AA6D70FB2D827DEF00309D7C /* ContactUsViewController.swift */,
				AA6D70FC2D827DEF00309D7C /* DisclaimerViewController.swift */,
				AA6D70FD2D827DEF00309D7C /* FeedbackViewController.swift */,
				AA6D70FE2D827DEF00309D7C /* HelpCenterViewController.swift */,
				AA6D70FF2D827DEF00309D7C /* MemberViewController.swift */,
				AA6D71002D827DEF00309D7C /* MemojiPickerViewController.swift */,
				AA6D71012D827DEF00309D7C /* NotificationSettingsViewController.swift */,
				AA6D71022D827DEF00309D7C /* PrivacyPolicyViewController.swift */,
				AA6D71032D827DEF00309D7C /* RechargeViewController.swift */,
				AA6D71042D827DEF00309D7C /* SettingsViewController.swift */,
				AA6D71052D827DEF00309D7C /* UserViewController.swift */,
			);
			path = Controllers;
			sourceTree = "<group>";
		};
		AA6D710C2D827DEF00309D7C /* Models */ = {
			isa = PBXGroup;
			children = (
				AA6D71072D827DEF00309D7C /* MemberBenefit.swift */,
				AA6D71082D827DEF00309D7C /* MenuItem.swift */,
				AA6D71092D827DEF00309D7C /* Product.swift */,
				AA6D710A2D827DEF00309D7C /* SettingItem.swift */,
				AA6D710B2D827DEF00309D7C /* User.swift */,
			);
			path = Models;
			sourceTree = "<group>";
		};
		AA6D71132D827DEF00309D7C /* Views */ = {
			isa = PBXGroup;
			children = (
				AA6D710D2D827DEF00309D7C /* MemberBenefitCell.swift */,
				AA6D710E2D827DEF00309D7C /* MemberCell.swift */,
				AA6D710F2D827DEF00309D7C /* MemojiCell.swift */,
				AA6D71102D827DEF00309D7C /* RechargeCell.swift */,
				AA6D71112D827DEF00309D7C /* SettingCell.swift */,
				AA6D71122D827DEF00309D7C /* UserMenuCell.swift */,
			);
			path = Views;
			sourceTree = "<group>";
		};
		AA6D71142D827DEF00309D7C /* UserModule */ = {
			isa = PBXGroup;
			children = (
				AA6D71062D827DEF00309D7C /* Controllers */,
				AA6D710C2D827DEF00309D7C /* Models */,
				AA6D71132D827DEF00309D7C /* Views */,
			);
			path = UserModule;
			sourceTree = "<group>";
		};
		AA6D71152D827DEF00309D7C /* TYFunc */ = {
			isa = PBXGroup;
			children = (
				AA6D70B52D827DEF00309D7C /* AIModule */,
				AA6D70C32D827DEF00309D7C /* ChatModule */,
				AA6D70D72D827DEF00309D7C /* Common */,
				AA6D70EA2D827DEF00309D7C /* ExploreModule */,
				AA6D70EE2D827DEF00309D7C /* Extensions */,
				AA6D70F12D827DEF00309D7C /* LaunchModule */,
				AA6D70F82D827DEF00309D7C /* MoodModule */,
				AA6D71142D827DEF00309D7C /* UserModule */,
			);
			path = TYFunc;
			sourceTree = "<group>";
		};
		C436836D6C52E834886249E6 /* Frameworks */ = {
			isa = PBXGroup;
			children = (
				AA48A71C2D8198E600B0373D /* StoreKit.framework */,
				3648CC4FBEC525BED702D4EE /* Pods_Runner.framework */,
			);
			name = Frameworks;
			sourceTree = "<group>";
		};
		DD6B56F0B8E7AA3D6BFAD875 /* Pods */ = {
			isa = PBXGroup;
			children = (
				D160AC0CE2EBA67684B531F8 /* Pods-Runner.debug.xcconfig */,
				31B6D923625A71DC1A6DAA50 /* Pods-Runner.release.xcconfig */,
				CE3F52D46CCA354B6C7FBADC /* Pods-Runner.profile.xcconfig */,
			);
			path = Pods;
			sourceTree = "<group>";
		};
/* End PBXGroup section */

/* Begin PBXNativeTarget section */
		97C146ED1CF9000F007C117D /* Runner */ = {
			isa = PBXNativeTarget;
			buildConfigurationList = 97C147051CF9000F007C117D /* Build configuration list for PBXNativeTarget "Runner" */;
			buildPhases = (
				593B17475D88655C4C6BE775 /* [CP] Check Pods Manifest.lock */,
				9740EEB61CF901F6004384FC /* Run Script */,
				97C146EA1CF9000F007C117D /* Sources */,
				97C146EB1CF9000F007C117D /* Frameworks */,
				97C146EC1CF9000F007C117D /* Resources */,
				9705A1C41CF9048500538489 /* Embed Frameworks */,
				3B06AD1E1E4923F5004D2608 /* Thin Binary */,
				62C5CE002D8595B4999F343E /* [CP] Embed Pods Frameworks */,
			);
			buildRules = (
			);
			dependencies = (
			);
			name = Runner;
			productName = Runner;
			productReference = 97C146EE1CF9000F007C117D /* Runner.app */;
			productType = "com.apple.product-type.application";
		};
/* End PBXNativeTarget section */

/* Begin PBXProject section */
		97C146E61CF9000F007C117D /* Project object */ = {
			isa = PBXProject;
			attributes = {
				BuildIndependentTargetsInParallel = YES;
				LastUpgradeCheck = 1510;
				ORGANIZATIONNAME = "";
				TargetAttributes = {
					97C146ED1CF9000F007C117D = {
						CreatedOnToolsVersion = 7.3.1;
						LastSwiftMigration = 1100;
					};
				};
			};
			buildConfigurationList = 97C146E91CF9000F007C117D /* Build configuration list for PBXProject "Runner" */;
			compatibilityVersion = "Xcode 12.0";
			developmentRegion = en;
			hasScannedForEncodings = 0;
			knownRegions = (
				en,
				Base,
			);
			mainGroup = 97C146E51CF9000F007C117D;
			productRefGroup = 97C146EF1CF9000F007C117D /* Products */;
			projectDirPath = "";
			projectRoot = "";
			targets = (
				97C146ED1CF9000F007C117D /* Runner */,
			);
		};
/* End PBXProject section */

/* Begin PBXResourcesBuildPhase section */
		97C146EC1CF9000F007C117D /* Resources */ = {
			isa = PBXResourcesBuildPhase;
			buildActionMask = 2147483647;
			files = (
				97C147011CF9000F007C117D /* LaunchScreen.storyboard in Resources */,
				3B3967161E833CAA004F5970 /* AppFrameworkInfo.plist in Resources */,
				97C146FE1CF9000F007C117D /* Assets.xcassets in Resources */,
				AA384E0E2D7FD12800E8B665 /* 自由之歌.mp3 in Resources */,
				AA384E0F2D7FD12800E8B665 /* 校园.mp3 in Resources */,
				AA384E102D7FD12800E8B665 /* happy.json in Resources */,
				AA384E112D7FD12800E8B665 /* 琵琶旋律.mp3 in Resources */,
				AA384E122D7FD12800E8B665 /* Beautiful Goodbye.mp3 in Resources */,
				AA384E132D7FD12800E8B665 /* 晨曦之歌.mp3 in Resources */,
				AA384E142D7FD12800E8B665 /* 和谐的心弦.mp3 in Resources */,
				AA384E152D7FD12800E8B665 /* calm.json in Resources */,
				AA384E162D7FD12800E8B665 /* angry.json in Resources */,
				AA384E172D7FD12800E8B665 /* 夜晚的思恋.mp3 in Resources */,
				AA384E182D7FD12800E8B665 /* tired.json in Resources */,
				AA384E192D7FD12800E8B665 /* 旅行的旋律.mp3 in Resources */,
				AA384E1A2D7FD12800E8B665 /* 下雨天.mp3 in Resources */,
				AA384E1B2D7FD12800E8B665 /* excited.json in Resources */,
				AA384E1C2D7FD12800E8B665 /* 悠扬的旋律.mp3 in Resources */,
				AA384EC42D7FD49000E8B665 /* PrivacyInfo.xcprivacy in Resources */,
				AA384E1D2D7FD12800E8B665 /* sad.json in Resources */,
			);
			runOnlyForDeploymentPostprocessing = 0;
		};
/* End PBXResourcesBuildPhase section */

/* Begin PBXShellScriptBuildPhase section */
		3B06AD1E1E4923F5004D2608 /* Thin Binary */ = {
			isa = PBXShellScriptBuildPhase;
			alwaysOutOfDate = 1;
			buildActionMask = 2147483647;
			files = (
			);
			inputPaths = (
				"${TARGET_BUILD_DIR}/${INFOPLIST_PATH}",
			);
			name = "Thin Binary";
			outputPaths = (
			);
			runOnlyForDeploymentPostprocessing = 0;
			shellPath = /bin/sh;
			shellScript = "/bin/sh \"$FLUTTER_ROOT/packages/flutter_tools/bin/xcode_backend.sh\" embed_and_thin";
		};
		593B17475D88655C4C6BE775 /* [CP] Check Pods Manifest.lock */ = {
			isa = PBXShellScriptBuildPhase;
			buildActionMask = 2147483647;
			files = (
			);
			inputFileListPaths = (
			);
			inputPaths = (
				"${PODS_PODFILE_DIR_PATH}/Podfile.lock",
				"${PODS_ROOT}/Manifest.lock",
			);
			name = "[CP] Check Pods Manifest.lock";
			outputFileListPaths = (
			);
			outputPaths = (
				"$(DERIVED_FILE_DIR)/Pods-Runner-checkManifestLockResult.txt",
			);
			runOnlyForDeploymentPostprocessing = 0;
			shellPath = /bin/sh;
			shellScript = "diff \"${PODS_PODFILE_DIR_PATH}/Podfile.lock\" \"${PODS_ROOT}/Manifest.lock\" > /dev/null\nif [ $? != 0 ] ; then\n    # print error to STDERR\n    echo \"error: The sandbox is not in sync with the Podfile.lock. Run 'pod install' or update your CocoaPods installation.\" >&2\n    exit 1\nfi\n# This output is used by Xcode 'outputs' to avoid re-running this script phase.\necho \"SUCCESS\" > \"${SCRIPT_OUTPUT_FILE_0}\"\n";
			showEnvVarsInLog = 0;
		};
		62C5CE002D8595B4999F343E /* [CP] Embed Pods Frameworks */ = {
			isa = PBXShellScriptBuildPhase;
			buildActionMask = 2147483647;
			files = (
			);
			inputFileListPaths = (
				"${PODS_ROOT}/Target Support Files/Pods-Runner/Pods-Runner-frameworks-${CONFIGURATION}-input-files.xcfilelist",
			);
			name = "[CP] Embed Pods Frameworks";
			outputFileListPaths = (
				"${PODS_ROOT}/Target Support Files/Pods-Runner/Pods-Runner-frameworks-${CONFIGURATION}-output-files.xcfilelist",
			);
			runOnlyForDeploymentPostprocessing = 0;
			shellPath = /bin/sh;
			shellScript = "\"${PODS_ROOT}/Target Support Files/Pods-Runner/Pods-Runner-frameworks.sh\"\n";
			showEnvVarsInLog = 0;
		};
		9740EEB61CF901F6004384FC /* Run Script */ = {
			isa = PBXShellScriptBuildPhase;
			alwaysOutOfDate = 1;
			buildActionMask = 2147483647;
			files = (
			);
			inputPaths = (
			);
			name = "Run Script";
			outputPaths = (
			);
			runOnlyForDeploymentPostprocessing = 0;
			shellPath = /bin/sh;
			shellScript = "/bin/sh \"$FLUTTER_ROOT/packages/flutter_tools/bin/xcode_backend.sh\" build";
		};
/* End PBXShellScriptBuildPhase section */

/* Begin PBXSourcesBuildPhase section */
		97C146EA1CF9000F007C117D /* Sources */ = {
			isa = PBXSourcesBuildPhase;
			buildActionMask = 2147483647;
			files = (
				1498D2341E8E89220040F4C2 /* GeneratedPluginRegistrant.m in Sources */,
				AA384EC02D7FD1D000E8B665 /* AppDelegate.swift in Sources */,
				AA6D71162D827DEF00309D7C /* PrivacyPolicyViewController.swift in Sources */,
				AA6D71172D827DEF00309D7C /* MoodCollectionViewCell.swift in Sources */,
				AA6D71182D827DEF00309D7C /* RechargeViewController.swift in Sources */,
				AA6D71192D827DEF00309D7C /* MemojiCell.swift in Sources */,
				AA6D711A2D827DEF00309D7C /* ExploreLayoutSection.swift in Sources */,
				AA6D711B2D827DEF00309D7C /* UIViewController+Keyboard.swift in Sources */,
				AA6D711C2D827DEF00309D7C /* ChatInputView.swift in Sources */,
				AA6D711D2D827DEF00309D7C /* DateFormatter+Chat.swift in Sources */,
				AA6D711E2D827DEF00309D7C /* KeychainHelper.swift in Sources */,
				AA6D711F2D827DEF00309D7C /* Array+Shuffle.swift in Sources */,
				AA6D71202D827DEF00309D7C /* User.swift in Sources */,
				AA6D71212D827DEF00309D7C /* ContactUsViewController.swift in Sources */,
				AA6D71222D827DEF00309D7C /* EmptyStateView.swift in Sources */,
				AA6D71232D827DEF00309D7C /* ExploreCell.swift in Sources */,
				AA6D71242D827DEF00309D7C /* BaseWebViewController.swift in Sources */,
				AA6D71252D827DEF00309D7C /* MemberBenefit.swift in Sources */,
				AA6D71262D827DEF00309D7C /* NotificationSettingsViewController.swift in Sources */,
				AA6D71272D827DEF00309D7C /* DisclaimerViewController.swift in Sources */,
				AA6D71282D827DEF00309D7C /* UserViewController.swift in Sources */,
				AA6D71292D827DEF00309D7C /* AIListCell.swift in Sources */,
				AA6D712A2D827DEF00309D7C /* Constants.swift in Sources */,
				AA6D712B2D827DEF00309D7C /* SecretCell.swift in Sources */,
				AA6D712C2D827DEF00309D7C /* ExploreDetailViewController.swift in Sources */,
				AA6D712D2D827DEF00309D7C /* ReportViewController.swift in Sources */,
				AA6D712E2D827DEF00309D7C /* UIViewController+Alert.swift in Sources */,
				AA6D712F2D827DEF00309D7C /* Mood.swift in Sources */,
				AA6D71302D827DEF00309D7C /* ChatViewController.swift in Sources */,
				AA6D71312D827DEF00309D7C /* FortuneCache.swift in Sources */,
				AA6D71322D827DEF00309D7C /* SettingCell.swift in Sources */,
				AA6D71332D827DEF00309D7C /* SettingItem.swift in Sources */,
				AA6D71342D827DEF00309D7C /* AIListViewController.swift in Sources */,
				AA6D71352D827DEF00309D7C /* UIViewController+ImagePicker.swift in Sources */,
				AA6D71362D827DEF00309D7C /* TagListView.swift in Sources */,
				AA6D71372D827DEF00309D7C /* WebViewController.swift in Sources */,
				AA6D71382D827DEF00309D7C /* MemberViewController.swift in Sources */,
				AA6D71392D827DEF00309D7C /* AIDetailViewController.swift in Sources */,
				AA6D713A2D827DEF00309D7C /* ChatMessageCell.swift in Sources */,
				AA6D713B2D827DEF00309D7C /* ChatSessionCell.swift in Sources */,
				AA6D713C2D827DEF00309D7C /* ChatHistoryViewController.swift in Sources */,
				AA6D713D2D827DEF00309D7C /* MemberCell.swift in Sources */,
				AA6D713E2D827DEF00309D7C /* RechargeCell.swift in Sources */,
				AA6D713F2D827DEF00309D7C /* LaunchViewController.swift in Sources */,
				AA6D71402D827DEF00309D7C /* FortuneService.swift in Sources */,
				AA6D71412D827DEF00309D7C /* MenuItem.swift in Sources */,
				AA6D71422D827DEF00309D7C /* MusicService.swift in Sources */,
				AA6D71432D827DEF00309D7C /* AboutUsViewController.swift in Sources */,
				AA6D71442D827DEF00309D7C /* ExploreModels.swift in Sources */,
				AA6D71452D827DEF00309D7C /* ExploreHeaderView.swift in Sources */,
				AA6D71462D827DEF00309D7C /* Date+Format.swift in Sources */,
				AA6D71472D827DEF00309D7C /* Product.swift in Sources */,
				AA6D71482D827DEF00309D7C /* Int+Extension.swift in Sources */,
				AA6D71492D827DEF00309D7C /* MoodSelectionViewController.swift in Sources */,
				AA6D714A2D827DEF00309D7C /* CustomExploreViewController.swift in Sources */,
				AA6D714B2D827DEF00309D7C /* TagCell.swift in Sources */,
				AA6D714C2D827DEF00309D7C /* ExploreViewController.swift in Sources */,
				AA6D714D2D827DEF00309D7C /* ChatManager.swift in Sources */,
				AA6D714E2D827DEF00309D7C /* SettingsViewController.swift in Sources */,
				AA6D714F2D827DEF00309D7C /* UserMenuCell.swift in Sources */,
				AA6D71502D827DEF00309D7C /* FeedbackViewController.swift in Sources */,
				AA6D71512D827DEF00309D7C /* UIViewController+Navigation.swift in Sources */,
				AA6D71522D827DEF00309D7C /* StoreManager.swift in Sources */,
				AA6D71532D827DEF00309D7C /* HelpCenterViewController.swift in Sources */,
				AA6D71542D827DEF00309D7C /* ChatMessage.swift in Sources */,
				AA6D71552D827DEF00309D7C /* MemojiPickerViewController.swift in Sources */,
				AA6D71562D827DEF00309D7C /* UITextView+Placeholder.swift in Sources */,
				AA6D71572D827DEF00309D7C /* MemberBenefitCell.swift in Sources */,
				AA6D71582D827DEF00309D7C /* AIModel.swift in Sources */,
				AA6D71592D827DEF00309D7C /* ZhipuAIService.swift in Sources */,
				AA6D715A2D827DEF00309D7C /* MusicSelectionViewController.swift in Sources */,
				AA6D715B2D827DEF00309D7C /* AIManagementViewController.swift in Sources */,
			);
			runOnlyForDeploymentPostprocessing = 0;
		};
/* End PBXSourcesBuildPhase section */

/* Begin PBXVariantGroup section */
		97C146FF1CF9000F007C117D /* LaunchScreen.storyboard */ = {
			isa = PBXVariantGroup;
			children = (
				97C147001CF9000F007C117D /* Base */,
			);
			name = LaunchScreen.storyboard;
			sourceTree = "<group>";
		};
/* End PBXVariantGroup section */

/* Begin XCBuildConfiguration section */
		249021D3217E4FDB00AE95B9 /* Profile */ = {
			isa = XCBuildConfiguration;
			buildSettings = {
				ALWAYS_SEARCH_USER_PATHS = NO;
				ASSETCATALOG_COMPILER_GENERATE_SWIFT_ASSET_SYMBOL_EXTENSIONS = YES;
				CLANG_ANALYZER_NONNULL = YES;
				CLANG_CXX_LANGUAGE_STANDARD = "gnu++0x";
				CLANG_CXX_LIBRARY = "libc++";
				CLANG_ENABLE_MODULES = YES;
				CLANG_ENABLE_OBJC_ARC = YES;
				CLANG_WARN_BLOCK_CAPTURE_AUTORELEASING = YES;
				CLANG_WARN_BOOL_CONVERSION = YES;
				CLANG_WARN_COMMA = YES;
				CLANG_WARN_CONSTANT_CONVERSION = YES;
				CLANG_WARN_DEPRECATED_OBJC_IMPLEMENTATIONS = YES;
				CLANG_WARN_DIRECT_OBJC_ISA_USAGE = YES_ERROR;
				CLANG_WARN_EMPTY_BODY = YES;
				CLANG_WARN_ENUM_CONVERSION = YES;
				CLANG_WARN_INFINITE_RECURSION = YES;
				CLANG_WARN_INT_CONVERSION = YES;
				CLANG_WARN_NON_LITERAL_NULL_CONVERSION = YES;
				CLANG_WARN_OBJC_IMPLICIT_RETAIN_SELF = YES;
				CLANG_WARN_OBJC_LITERAL_CONVERSION = YES;
				CLANG_WARN_OBJC_ROOT_CLASS = YES_ERROR;
				CLANG_WARN_RANGE_LOOP_ANALYSIS = YES;
				CLANG_WARN_STRICT_PROTOTYPES = YES;
				CLANG_WARN_SUSPICIOUS_MOVE = YES;
				CLANG_WARN_UNREACHABLE_CODE = YES;
				CLANG_WARN__DUPLICATE_METHOD_MATCH = YES;
				"CODE_SIGN_IDENTITY[sdk=iphoneos*]" = "iPhone Developer";
				COPY_PHASE_STRIP = NO;
				DEBUG_INFORMATION_FORMAT = "dwarf-with-dsym";
				ENABLE_NS_ASSERTIONS = NO;
				ENABLE_STRICT_OBJC_MSGSEND = YES;
				ENABLE_USER_SCRIPT_SANDBOXING = NO;
				GCC_C_LANGUAGE_STANDARD = gnu99;
				GCC_NO_COMMON_BLOCKS = YES;
				GCC_WARN_64_TO_32_BIT_CONVERSION = YES;
				GCC_WARN_ABOUT_RETURN_TYPE = YES_ERROR;
				GCC_WARN_UNDECLARED_SELECTOR = YES;
				GCC_WARN_UNINITIALIZED_AUTOS = YES_AGGRESSIVE;
				GCC_WARN_UNUSED_FUNCTION = YES;
				GCC_WARN_UNUSED_VARIABLE = YES;
				IPHONEOS_DEPLOYMENT_TARGET = 12.0;
				MTL_ENABLE_DEBUG_INFO = NO;
				SDKROOT = iphoneos;
				SUPPORTED_PLATFORMS = iphoneos;
				TARGETED_DEVICE_FAMILY = "1,2";
				VALIDATE_PRODUCT = YES;
			};
			name = Profile;
		};
		249021D4217E4FDB00AE95B9 /* Profile */ = {
			isa = XCBuildConfiguration;
			baseConfigurationReference = 7AFA3C8E1D35360C0083082E /* Release.xcconfig */;
			buildSettings = {
				ASSETCATALOG_COMPILER_APPICON_NAME = AppIcon;
				CLANG_ENABLE_MODULES = YES;
				CODE_SIGN_ENTITLEMENTS = Runner/Runner.entitlements;
				"CODE_SIGN_IDENTITY[sdk=iphoneos*]" = "iPhone Distribution";
				CODE_SIGN_STYLE = Manual;
				CURRENT_PROJECT_VERSION = 6;
				DEVELOPMENT_TEAM = "";
				"DEVELOPMENT_TEAM[sdk=iphoneos*]" = WT6U89AJY5;
				ENABLE_BITCODE = NO;
				FLUTTER_APPLICATION_PATH = /Users/runner/work/ty/ty;
				FLUTTER_ROOT = "/Users/runner/hostedtoolcache/flutter/3.29.0-stable/arm64";
				FRAMEWORK_SEARCH_PATHS = (
					"$(inherited)",
					"$(PROJECT_DIR)/Runner/AppBusModule/ThirdModule/MarsXlog",
				);
				INFOPLIST_FILE = Runner/Info.plist;
				INFOPLIST_KEY_CFBundleDisplayName = "轻遇";
				IPHONEOS_DEPLOYMENT_TARGET = 15.0;
				LD_RUNPATH_SEARCH_PATHS = (
					"$(inherited)",
					"@executable_path/Frameworks",
				);
				MARKETING_VERSION = 1.1.0;
				PRODUCT_BUNDLE_IDENTIFIER = com.funny2025.yu;
				PRODUCT_NAME = "$(TARGET_NAME)";
				PROVISIONING_PROFILE_SPECIFIER = "";
				"PROVISIONING_PROFILE_SPECIFIER[sdk=iphoneos*]" = funny2025;
				SUPPORTED_PLATFORMS = "iphoneos iphonesimulator";
				SUPPORTS_MACCATALYST = NO;
				SUPPORTS_MAC_DESIGNED_FOR_IPHONE_IPAD = NO;
				SUPPORTS_XR_DESIGNED_FOR_IPHONE_IPAD = NO;
				SWIFT_OBJC_BRIDGING_HEADER = "Runner/Runner-Bridging-Header.h";
				SWIFT_VERSION = 5.0;
				TARGETED_DEVICE_FAMILY = 1;
				VERSIONING_SYSTEM = "apple-generic";
			};
			name = Profile;
		};
		97C147031CF9000F007C117D /* Debug */ = {
			isa = XCBuildConfiguration;
			buildSettings = {
				ALWAYS_SEARCH_USER_PATHS = NO;
				ASSETCATALOG_COMPILER_GENERATE_SWIFT_ASSET_SYMBOL_EXTENSIONS = YES;
				CLANG_ANALYZER_NONNULL = YES;
				CLANG_CXX_LANGUAGE_STANDARD = "gnu++0x";
				CLANG_CXX_LIBRARY = "libc++";
				CLANG_ENABLE_MODULES = YES;
				CLANG_ENABLE_OBJC_ARC = YES;
				CLANG_WARN_BLOCK_CAPTURE_AUTORELEASING = YES;
				CLANG_WARN_BOOL_CONVERSION = YES;
				CLANG_WARN_COMMA = YES;
				CLANG_WARN_CONSTANT_CONVERSION = YES;
				CLANG_WARN_DEPRECATED_OBJC_IMPLEMENTATIONS = YES;
				CLANG_WARN_DIRECT_OBJC_ISA_USAGE = YES_ERROR;
				CLANG_WARN_EMPTY_BODY = YES;
				CLANG_WARN_ENUM_CONVERSION = YES;
				CLANG_WARN_INFINITE_RECURSION = YES;
				CLANG_WARN_INT_CONVERSION = YES;
				CLANG_WARN_NON_LITERAL_NULL_CONVERSION = YES;
				CLANG_WARN_OBJC_IMPLICIT_RETAIN_SELF = YES;
				CLANG_WARN_OBJC_LITERAL_CONVERSION = YES;
				CLANG_WARN_OBJC_ROOT_CLASS = YES_ERROR;
				CLANG_WARN_RANGE_LOOP_ANALYSIS = YES;
				CLANG_WARN_STRICT_PROTOTYPES = YES;
				CLANG_WARN_SUSPICIOUS_MOVE = YES;
				CLANG_WARN_UNREACHABLE_CODE = YES;
				CLANG_WARN__DUPLICATE_METHOD_MATCH = YES;
				"CODE_SIGN_IDENTITY[sdk=iphoneos*]" = "iPhone Developer";
				COPY_PHASE_STRIP = NO;
				DEBUG_INFORMATION_FORMAT = dwarf;
				ENABLE_STRICT_OBJC_MSGSEND = YES;
				ENABLE_TESTABILITY = YES;
				ENABLE_USER_SCRIPT_SANDBOXING = NO;
				GCC_C_LANGUAGE_STANDARD = gnu99;
				GCC_DYNAMIC_NO_PIC = NO;
				GCC_NO_COMMON_BLOCKS = YES;
				GCC_OPTIMIZATION_LEVEL = 0;
				GCC_PREPROCESSOR_DEFINITIONS = (
					"DEBUG=1",
					"$(inherited)",
				);
				GCC_WARN_64_TO_32_BIT_CONVERSION = YES;
				GCC_WARN_ABOUT_RETURN_TYPE = YES_ERROR;
				GCC_WARN_UNDECLARED_SELECTOR = YES;
				GCC_WARN_UNINITIALIZED_AUTOS = YES_AGGRESSIVE;
				GCC_WARN_UNUSED_FUNCTION = YES;
				GCC_WARN_UNUSED_VARIABLE = YES;
				IPHONEOS_DEPLOYMENT_TARGET = 12.0;
				MTL_ENABLE_DEBUG_INFO = YES;
				ONLY_ACTIVE_ARCH = YES;
				SDKROOT = iphoneos;
				TARGETED_DEVICE_FAMILY = "1,2";
			};
			name = Debug;
		};
		97C147041CF9000F007C117D /* Release */ = {
			isa = XCBuildConfiguration;
			buildSettings = {
				ALWAYS_SEARCH_USER_PATHS = NO;
				ASSETCATALOG_COMPILER_GENERATE_SWIFT_ASSET_SYMBOL_EXTENSIONS = YES;
				CLANG_ANALYZER_NONNULL = YES;
				CLANG_CXX_LANGUAGE_STANDARD = "gnu++0x";
				CLANG_CXX_LIBRARY = "libc++";
				CLANG_ENABLE_MODULES = YES;
				CLANG_ENABLE_OBJC_ARC = YES;
				CLANG_WARN_BLOCK_CAPTURE_AUTORELEASING = YES;
				CLANG_WARN_BOOL_CONVERSION = YES;
				CLANG_WARN_COMMA = YES;
				CLANG_WARN_CONSTANT_CONVERSION = YES;
				CLANG_WARN_DEPRECATED_OBJC_IMPLEMENTATIONS = YES;
				CLANG_WARN_DIRECT_OBJC_ISA_USAGE = YES_ERROR;
				CLANG_WARN_EMPTY_BODY = YES;
				CLANG_WARN_ENUM_CONVERSION = YES;
				CLANG_WARN_INFINITE_RECURSION = YES;
				CLANG_WARN_INT_CONVERSION = YES;
				CLANG_WARN_NON_LITERAL_NULL_CONVERSION = YES;
				CLANG_WARN_OBJC_IMPLICIT_RETAIN_SELF = YES;
				CLANG_WARN_OBJC_LITERAL_CONVERSION = YES;
				CLANG_WARN_OBJC_ROOT_CLASS = YES_ERROR;
				CLANG_WARN_RANGE_LOOP_ANALYSIS = YES;
				CLANG_WARN_STRICT_PROTOTYPES = YES;
				CLANG_WARN_SUSPICIOUS_MOVE = YES;
				CLANG_WARN_UNREACHABLE_CODE = YES;
				CLANG_WARN__DUPLICATE_METHOD_MATCH = YES;
				"CODE_SIGN_IDENTITY[sdk=iphoneos*]" = "iPhone Developer";
				COPY_PHASE_STRIP = NO;
				DEBUG_INFORMATION_FORMAT = "dwarf-with-dsym";
				ENABLE_NS_ASSERTIONS = NO;
				ENABLE_STRICT_OBJC_MSGSEND = YES;
				ENABLE_USER_SCRIPT_SANDBOXING = NO;
				GCC_C_LANGUAGE_STANDARD = gnu99;
				GCC_NO_COMMON_BLOCKS = YES;
				GCC_WARN_64_TO_32_BIT_CONVERSION = YES;
				GCC_WARN_ABOUT_RETURN_TYPE = YES_ERROR;
				GCC_WARN_UNDECLARED_SELECTOR = YES;
				GCC_WARN_UNINITIALIZED_AUTOS = YES_AGGRESSIVE;
				GCC_WARN_UNUSED_FUNCTION = YES;
				GCC_WARN_UNUSED_VARIABLE = YES;
				IPHONEOS_DEPLOYMENT_TARGET = 12.0;
				MTL_ENABLE_DEBUG_INFO = NO;
				SDKROOT = iphoneos;
				SUPPORTED_PLATFORMS = iphoneos;
				SWIFT_COMPILATION_MODE = wholemodule;
				SWIFT_OPTIMIZATION_LEVEL = "-O";
				TARGETED_DEVICE_FAMILY = "1,2";
				VALIDATE_PRODUCT = YES;
			};
			name = Release;
		};
		97C147061CF9000F007C117D /* Debug */ = {
			isa = XCBuildConfiguration;
			baseConfigurationReference = 9740EEB21CF90195004384FC /* Debug.xcconfig */;
			buildSettings = {
				ASSETCATALOG_COMPILER_APPICON_NAME = AppIcon;
				CLANG_ENABLE_MODULES = YES;
				CODE_SIGN_ENTITLEMENTS = Runner/Runner.entitlements;
				"CODE_SIGN_IDENTITY[sdk=iphoneos*]" = "iPhone Distribution";
				CODE_SIGN_STYLE = Manual;
				CURRENT_PROJECT_VERSION = 6;
				DEVELOPMENT_TEAM = "";
				"DEVELOPMENT_TEAM[sdk=iphoneos*]" = WT6U89AJY5;
				ENABLE_BITCODE = NO;
				FLUTTER_APPLICATION_PATH = /Users/runner/work/ty/ty;
				FLUTTER_ROOT = "/Users/runner/hostedtoolcache/flutter/3.29.0-stable/arm64";
				FRAMEWORK_SEARCH_PATHS = (
					"$(inherited)",
					"$(PROJECT_DIR)/Runner/AppBusModule/ThirdModule/MarsXlog",
				);
				INFOPLIST_FILE = Runner/Info.plist;
				INFOPLIST_KEY_CFBundleDisplayName = "轻遇";
				IPHONEOS_DEPLOYMENT_TARGET = 15.0;
				LD_RUNPATH_SEARCH_PATHS = (
					"$(inherited)",
					"@executable_path/Frameworks",
				);
				MARKETING_VERSION = 1.1.0;
				PRODUCT_BUNDLE_IDENTIFIER = com.funny2025.yu;
				PRODUCT_NAME = "$(TARGET_NAME)";
				PROVISIONING_PROFILE_SPECIFIER = "";
				"PROVISIONING_PROFILE_SPECIFIER[sdk=iphoneos*]" = funny2025;
				SUPPORTED_PLATFORMS = "iphoneos iphonesimulator";
				SUPPORTS_MACCATALYST = NO;
				SUPPORTS_MAC_DESIGNED_FOR_IPHONE_IPAD = NO;
				SUPPORTS_XR_DESIGNED_FOR_IPHONE_IPAD = NO;
				SWIFT_OBJC_BRIDGING_HEADER = "Runner/Runner-Bridging-Header.h";
				SWIFT_OPTIMIZATION_LEVEL = "-Onone";
				SWIFT_VERSION = 5.0;
				TARGETED_DEVICE_FAMILY = 1;
				VERSIONING_SYSTEM = "apple-generic";
			};
			name = Debug;
		};
		97C147071CF9000F007C117D /* Release */ = {
			isa = XCBuildConfiguration;
			baseConfigurationReference = 7AFA3C8E1D35360C0083082E /* Release.xcconfig */;
			buildSettings = {
				ASSETCATALOG_COMPILER_APPICON_NAME = AppIcon;
				CLANG_ENABLE_MODULES = YES;
				CODE_SIGN_ENTITLEMENTS = Runner/Runner.entitlements;
				"CODE_SIGN_IDENTITY[sdk=iphoneos*]" = "iPhone Distribution";
				CODE_SIGN_STYLE = Manual;
				CURRENT_PROJECT_VERSION = 6;
				DEVELOPMENT_TEAM = "";
				"DEVELOPMENT_TEAM[sdk=iphoneos*]" = WT6U89AJY5;
				ENABLE_BITCODE = NO;
				FLUTTER_APPLICATION_PATH = /Users/runner/work/ty/ty;
				FLUTTER_ROOT = "/Users/runner/hostedtoolcache/flutter/3.29.0-stable/arm64";
				FRAMEWORK_SEARCH_PATHS = (
					"$(inherited)",
					"$(PROJECT_DIR)/Runner/AppBusModule/ThirdModule/MarsXlog",
				);
				INFOPLIST_FILE = Runner/Info.plist;
				INFOPLIST_KEY_CFBundleDisplayName = "轻遇";
				IPHONEOS_DEPLOYMENT_TARGET = 15.0;
				LD_RUNPATH_SEARCH_PATHS = (
					"$(inherited)",
					"@executable_path/Frameworks",
				);
				MARKETING_VERSION = 1.1.0;
				PRODUCT_BUNDLE_IDENTIFIER = com.funny2025.yu;
				PRODUCT_NAME = "$(TARGET_NAME)";
				PROVISIONING_PROFILE_SPECIFIER = "";
				"PROVISIONING_PROFILE_SPECIFIER[sdk=iphoneos*]" = funny2025;
				SUPPORTED_PLATFORMS = "iphoneos iphonesimulator";
				SUPPORTS_MACCATALYST = NO;
				SUPPORTS_MAC_DESIGNED_FOR_IPHONE_IPAD = NO;
				SUPPORTS_XR_DESIGNED_FOR_IPHONE_IPAD = NO;
				SWIFT_OBJC_BRIDGING_HEADER = "Runner/Runner-Bridging-Header.h";
				SWIFT_VERSION = 5.0;
				TARGETED_DEVICE_FAMILY = 1;
				VERSIONING_SYSTEM = "apple-generic";
			};
			name = Release;
		};
/* End XCBuildConfiguration section */

/* Begin XCConfigurationList section */
		97C146E91CF9000F007C117D /* Build configuration list for PBXProject "Runner" */ = {
			isa = XCConfigurationList;
			buildConfigurations = (
				97C147031CF9000F007C117D /* Debug */,
				97C147041CF9000F007C117D /* Release */,
				249021D3217E4FDB00AE95B9 /* Profile */,
			);
			defaultConfigurationIsVisible = 0;
			defaultConfigurationName = Release;
		};
		97C147051CF9000F007C117D /* Build configuration list for PBXNativeTarget "Runner" */ = {
			isa = XCConfigurationList;
			buildConfigurations = (
				97C147061CF9000F007C117D /* Debug */,
				97C147071CF9000F007C117D /* Release */,
				249021D4217E4FDB00AE95B9 /* Profile */,
			);
			defaultConfigurationIsVisible = 0;
			defaultConfigurationName = Release;
		};
/* End XCConfigurationList section */
	};
	rootObject = 97C146E61CF9000F007C117D /* Project object */;
}
